
Microsoft Visual Studio Solution File, Format Version 12.00
# Visual Studio Version 17
VisualStudioVersion = 17.14.36121.58
MinimumVisualStudioVersion = 10.0.40219.1
Project("{FAE04EC0-301F-11D3-BF4B-00C04F79EFBC}") = "Import.ActiveReports", "Import.ActiveReports\Import.ActiveReports.csproj", "{AB339945-F383-4E62-A05E-D567E53D60F8}"
EndProject
Project("{FAE04EC0-301F-11D3-BF4B-00C04F79EFBC}") = "Import.ComponentOneReports", "Import.ComponentOneReports\Import.ComponentOneReports.csproj", "{00D3AD55-1F3D-4444-907F-DAFE5E4C4C9F}"
EndProject
Project("{FAE04EC0-301F-11D3-BF4B-00C04F79EFBC}") = "Import.CrystalReports", "Import.CrystalReports\Import.CrystalReports.csproj", "{177D0B91-24F2-45FA-B1AD-D04FB3D9DB35}"
EndProject
Project("{FAE04EC0-301F-11D3-BF4B-00C04F79EFBC}") = "Import.FastReports", "Import.FastReports\Import.FastReports.csproj", "{0ED9261A-D723-4CDF-9C3D-F710E7A30DF0}"
EndProject
Project("{FAE04EC0-301F-11D3-BF4B-00C04F79EFBC}") = "Import.ReportingServices", "Import.ReportingServices\Import.ReportingServices.csproj", "{D74405C3-6881-47EA-99AF-7A9E014138D0}"
EndProject
Project("{FAE04EC0-301F-11D3-BF4B-00C04F79EFBC}") = "Import.ReportSharpShooter", "Import.ReportSharpShooter\Import.ReportSharpShooter.csproj", "{47A8221A-5E4E-4880-BFCE-0BC0B620FBE6}"
EndProject
Project("{FAE04EC0-301F-11D3-BF4B-00C04F79EFBC}") = "Import.RichText", "Import.RichText\Import.RichText.csproj", "{9A11008F-FA5E-46A1-97B6-FE02507373A9}"
EndProject
Project("{FAE04EC0-301F-11D3-BF4B-00C04F79EFBC}") = "Import.TelerikReports", "Import.TelerikReports\Import.TelerikReports.csproj", "{0400F5A3-A0F5-4301-B9D5-0CD6EFFF45E5}"
EndProject
Project("{FAE04EC0-301F-11D3-BF4B-00C04F79EFBC}") = "Import.XtraReports", "Import.XtraReports\Import.XtraReports.csproj", "{190B3AD7-1D71-428F-A4FB-921D67E3E8D7}"
EndProject
Project("{FAE04EC0-301F-11D3-BF4B-00C04F79EFBC}") = "Import.VisualFoxPro", "Import.VisualFoxPro\Import.VisualFoxPro.csproj", "{D99253DA-AFF9-4327-9ABC-E7CF848A3DE1}"
EndProject
Project("{FAE04EC0-301F-11D3-BF4B-00C04F79EFBC}") = "Import.XtraReports2025", "Import.XtraReports2025\Import.XtraReports2025.csproj", "{8C55BC03-CC97-4A79-A85B-69F5DFF7E5F5}"
EndProject
Project("{FAE04EC0-301F-11D3-BF4B-00C04F79EFBC}") = "Import.ListAndLabel", "Import.ListAndLabel\Import.ListAndLabel.csproj", "{D2360CFB-169E-442E-8AC3-91AFF368555E}"
EndProject
Global
	GlobalSection(SolutionConfigurationPlatforms) = preSolution
		Debug|Any CPU = Debug|Any CPU
		Demo|Any CPU = Demo|Any CPU
		Release|Any CPU = Release|Any CPU
	EndGlobalSection
	GlobalSection(ProjectConfigurationPlatforms) = postSolution
		{AB339945-F383-4E62-A05E-D567E53D60F8}.Debug|Any CPU.ActiveCfg = Debug|Any CPU
		{AB339945-F383-4E62-A05E-D567E53D60F8}.Debug|Any CPU.Build.0 = Debug|Any CPU
		{AB339945-F383-4E62-A05E-D567E53D60F8}.Demo|Any CPU.ActiveCfg = Demo|Any CPU
		{AB339945-F383-4E62-A05E-D567E53D60F8}.Demo|Any CPU.Build.0 = Demo|Any CPU
		{AB339945-F383-4E62-A05E-D567E53D60F8}.Release|Any CPU.ActiveCfg = Release|Any CPU
		{AB339945-F383-4E62-A05E-D567E53D60F8}.Release|Any CPU.Build.0 = Release|Any CPU
		{00D3AD55-1F3D-4444-907F-DAFE5E4C4C9F}.Debug|Any CPU.ActiveCfg = Debug|Any CPU
		{00D3AD55-1F3D-4444-907F-DAFE5E4C4C9F}.Debug|Any CPU.Build.0 = Debug|Any CPU
		{00D3AD55-1F3D-4444-907F-DAFE5E4C4C9F}.Demo|Any CPU.ActiveCfg = Demo|Any CPU
		{00D3AD55-1F3D-4444-907F-DAFE5E4C4C9F}.Demo|Any CPU.Build.0 = Demo|Any CPU
		{00D3AD55-1F3D-4444-907F-DAFE5E4C4C9F}.Release|Any CPU.ActiveCfg = Release|Any CPU
		{00D3AD55-1F3D-4444-907F-DAFE5E4C4C9F}.Release|Any CPU.Build.0 = Release|Any CPU
		{177D0B91-24F2-45FA-B1AD-D04FB3D9DB35}.Debug|Any CPU.ActiveCfg = Debug|Any CPU
		{177D0B91-24F2-45FA-B1AD-D04FB3D9DB35}.Debug|Any CPU.Build.0 = Debug|Any CPU
		{177D0B91-24F2-45FA-B1AD-D04FB3D9DB35}.Demo|Any CPU.ActiveCfg = Demo|Any CPU
		{177D0B91-24F2-45FA-B1AD-D04FB3D9DB35}.Demo|Any CPU.Build.0 = Demo|Any CPU
		{177D0B91-24F2-45FA-B1AD-D04FB3D9DB35}.Release|Any CPU.ActiveCfg = Release|Any CPU
		{177D0B91-24F2-45FA-B1AD-D04FB3D9DB35}.Release|Any CPU.Build.0 = Release|Any CPU
		{0ED9261A-D723-4CDF-9C3D-F710E7A30DF0}.Debug|Any CPU.ActiveCfg = Debug|Any CPU
		{0ED9261A-D723-4CDF-9C3D-F710E7A30DF0}.Debug|Any CPU.Build.0 = Debug|Any CPU
		{0ED9261A-D723-4CDF-9C3D-F710E7A30DF0}.Demo|Any CPU.ActiveCfg = Demo|Any CPU
		{0ED9261A-D723-4CDF-9C3D-F710E7A30DF0}.Demo|Any CPU.Build.0 = Demo|Any CPU
		{0ED9261A-D723-4CDF-9C3D-F710E7A30DF0}.Release|Any CPU.ActiveCfg = Release|Any CPU
		{0ED9261A-D723-4CDF-9C3D-F710E7A30DF0}.Release|Any CPU.Build.0 = Release|Any CPU
		{D74405C3-6881-47EA-99AF-7A9E014138D0}.Debug|Any CPU.ActiveCfg = Debug|Any CPU
		{D74405C3-6881-47EA-99AF-7A9E014138D0}.Debug|Any CPU.Build.0 = Debug|Any CPU
		{D74405C3-6881-47EA-99AF-7A9E014138D0}.Demo|Any CPU.ActiveCfg = Demo|Any CPU
		{D74405C3-6881-47EA-99AF-7A9E014138D0}.Demo|Any CPU.Build.0 = Demo|Any CPU
		{D74405C3-6881-47EA-99AF-7A9E014138D0}.Release|Any CPU.ActiveCfg = Release|Any CPU
		{D74405C3-6881-47EA-99AF-7A9E014138D0}.Release|Any CPU.Build.0 = Release|Any CPU
		{47A8221A-5E4E-4880-BFCE-0BC0B620FBE6}.Debug|Any CPU.ActiveCfg = Debug|Any CPU
		{47A8221A-5E4E-4880-BFCE-0BC0B620FBE6}.Debug|Any CPU.Build.0 = Debug|Any CPU
		{47A8221A-5E4E-4880-BFCE-0BC0B620FBE6}.Demo|Any CPU.ActiveCfg = Demo|Any CPU
		{47A8221A-5E4E-4880-BFCE-0BC0B620FBE6}.Demo|Any CPU.Build.0 = Demo|Any CPU
		{47A8221A-5E4E-4880-BFCE-0BC0B620FBE6}.Release|Any CPU.ActiveCfg = Release|Any CPU
		{47A8221A-5E4E-4880-BFCE-0BC0B620FBE6}.Release|Any CPU.Build.0 = Release|Any CPU
		{9A11008F-FA5E-46A1-97B6-FE02507373A9}.Debug|Any CPU.ActiveCfg = Debug|Any CPU
		{9A11008F-FA5E-46A1-97B6-FE02507373A9}.Debug|Any CPU.Build.0 = Debug|Any CPU
		{9A11008F-FA5E-46A1-97B6-FE02507373A9}.Demo|Any CPU.ActiveCfg = Demo|Any CPU
		{9A11008F-FA5E-46A1-97B6-FE02507373A9}.Demo|Any CPU.Build.0 = Demo|Any CPU
		{9A11008F-FA5E-46A1-97B6-FE02507373A9}.Release|Any CPU.ActiveCfg = Release|Any CPU
		{9A11008F-FA5E-46A1-97B6-FE02507373A9}.Release|Any CPU.Build.0 = Release|Any CPU
		{0400F5A3-A0F5-4301-B9D5-0CD6EFFF45E5}.Debug|Any CPU.ActiveCfg = Debug|Any CPU
		{0400F5A3-A0F5-4301-B9D5-0CD6EFFF45E5}.Debug|Any CPU.Build.0 = Debug|Any CPU
		{0400F5A3-A0F5-4301-B9D5-0CD6EFFF45E5}.Demo|Any CPU.ActiveCfg = Demo|Any CPU
		{0400F5A3-A0F5-4301-B9D5-0CD6EFFF45E5}.Demo|Any CPU.Build.0 = Demo|Any CPU
		{0400F5A3-A0F5-4301-B9D5-0CD6EFFF45E5}.Release|Any CPU.ActiveCfg = Release|Any CPU
		{0400F5A3-A0F5-4301-B9D5-0CD6EFFF45E5}.Release|Any CPU.Build.0 = Release|Any CPU
		{190B3AD7-1D71-428F-A4FB-921D67E3E8D7}.Debug|Any CPU.ActiveCfg = Debug|Any CPU
		{190B3AD7-1D71-428F-A4FB-921D67E3E8D7}.Debug|Any CPU.Build.0 = Debug|Any CPU
		{190B3AD7-1D71-428F-A4FB-921D67E3E8D7}.Demo|Any CPU.ActiveCfg = Demo|Any CPU
		{190B3AD7-1D71-428F-A4FB-921D67E3E8D7}.Demo|Any CPU.Build.0 = Demo|Any CPU
		{190B3AD7-1D71-428F-A4FB-921D67E3E8D7}.Release|Any CPU.ActiveCfg = Release|Any CPU
		{190B3AD7-1D71-428F-A4FB-921D67E3E8D7}.Release|Any CPU.Build.0 = Release|Any CPU
		{D99253DA-AFF9-4327-9ABC-E7CF848A3DE1}.Debug|Any CPU.ActiveCfg = Debug|Any CPU
		{D99253DA-AFF9-4327-9ABC-E7CF848A3DE1}.Debug|Any CPU.Build.0 = Debug|Any CPU
		{D99253DA-AFF9-4327-9ABC-E7CF848A3DE1}.Demo|Any CPU.ActiveCfg = Demo|Any CPU
		{D99253DA-AFF9-4327-9ABC-E7CF848A3DE1}.Demo|Any CPU.Build.0 = Demo|Any CPU
		{D99253DA-AFF9-4327-9ABC-E7CF848A3DE1}.Release|Any CPU.ActiveCfg = Release|Any CPU
		{D99253DA-AFF9-4327-9ABC-E7CF848A3DE1}.Release|Any CPU.Build.0 = Release|Any CPU
		{8C55BC03-CC97-4A79-A85B-69F5DFF7E5F5}.Debug|Any CPU.ActiveCfg = Debug|Any CPU
		{8C55BC03-CC97-4A79-A85B-69F5DFF7E5F5}.Debug|Any CPU.Build.0 = Debug|Any CPU
		{8C55BC03-CC97-4A79-A85B-69F5DFF7E5F5}.Demo|Any CPU.ActiveCfg = Demo|Any CPU
		{8C55BC03-CC97-4A79-A85B-69F5DFF7E5F5}.Demo|Any CPU.Build.0 = Demo|Any CPU
		{8C55BC03-CC97-4A79-A85B-69F5DFF7E5F5}.Release|Any CPU.ActiveCfg = Release|Any CPU
		{8C55BC03-CC97-4A79-A85B-69F5DFF7E5F5}.Release|Any CPU.Build.0 = Release|Any CPU
		{D2360CFB-169E-442E-8AC3-91AFF368555E}.Debug|Any CPU.ActiveCfg = Debug|Any CPU
		{D2360CFB-169E-442E-8AC3-91AFF368555E}.Debug|Any CPU.Build.0 = Debug|Any CPU
		{D2360CFB-169E-442E-8AC3-91AFF368555E}.Demo|Any CPU.ActiveCfg = Demo|Any CPU
		{D2360CFB-169E-442E-8AC3-91AFF368555E}.Demo|Any CPU.Build.0 = Demo|Any CPU
		{D2360CFB-169E-442E-8AC3-91AFF368555E}.Release|Any CPU.ActiveCfg = Release|Any CPU
		{D2360CFB-169E-442E-8AC3-91AFF368555E}.Release|Any CPU.Build.0 = Release|Any CPU
	EndGlobalSection
	GlobalSection(SolutionProperties) = preSolution
		HideSolutionNode = FALSE
	EndGlobalSection
	GlobalSection(ExtensibilityGlobals) = postSolution
		SolutionGuid = {21BEB7D9-5F2F-4995-AA99-62AD85EACC8E}
		VisualSVNWorkingCopyRoot = .
	EndGlobalSection
EndGlobal
